
Microsoft Visual Studio Solution File, Format Version 12.00
# Visual Studio Version 16
VisualStudioVersion = 16.0.31515.178
MinimumVisualStudioVersion = 10.0.40219.1
Project("{FAE04EC0-301F-11D3-BF4B-00C04F79EFBC}") = "WindowsCOMselfApp", "WindowsCOMselfApp\WindowsCOMselfApp.csproj", "{7FA24FA0-4679-4F3B-ABD6-588800F8E84A}"
EndProject
Global
	GlobalSection(SolutionConfigurationPlatforms) = preSolution
		Debug|Any CPU = Debug|Any CPU
		Release|Any CPU = Release|Any CPU
	EndGlobalSection
	GlobalSection(ProjectConfigurationPlatforms) = postSolution
		{7FA24FA0-4679-4F3B-ABD6-588800F8E84A}.Debug|Any CPU.ActiveCfg = Debug|Any CPU
		{7FA24FA0-4679-4F3B-ABD6-588800F8E84A}.Debug|Any CPU.Build.0 = Debug|Any CPU
		{7FA24FA0-4679-4F3B-ABD6-588800F8E84A}.Release|Any CPU.ActiveCfg = Release|Any CPU
		{7FA24FA0-4679-4F3B-ABD6-588800F8E84A}.Release|Any CPU.Build.0 = Release|Any CPU
	EndGlobalSection
	GlobalSection(SolutionProperties) = preSolution
		HideSolutionNode = FALSE
	EndGlobalSection
	GlobalSection(ExtensibilityGlobals) = postSolution
		SolutionGuid = {C9E602AB-0A2A-443E-BF5C-2800C20477D2}
	EndGlobalSection
EndGlobal
